
Microsoft Visual Studio Solution File, Format Version 12.00
# Visual Studio Version 17
VisualStudioVersion = 17.4.33103.184
MinimumVisualStudioVersion = 10.0.40219.1
Project("{FAE04EC0-301F-11D3-BF4B-00C04F79EFBC}") = "CityInfo.API", "CityInfo.API\CityInfo.API.csproj", "{1FB256FD-1DEE-4296-91ED-C67661BC1067}"
EndProject
Global
	GlobalSection(SolutionConfigurationPlatforms) = preSolution
		Debug|Any CPU = Debug|Any CPU
		Release|Any CPU = Release|Any CPU
	EndGlobalSection
	GlobalSection(ProjectConfigurationPlatforms) = postSolution
		{1FB256FD-1DEE-4296-91ED-C67661BC1067}.Debug|Any CPU.ActiveCfg = Debug|Any CPU
		{1FB256FD-1DEE-4296-91ED-C67661BC1067}.Debug|Any CPU.Build.0 = Debug|Any CPU
		{1FB256FD-1DEE-4296-91ED-C67661BC1067}.Release|Any CPU.ActiveCfg = Release|Any CPU
		{1FB256FD-1DEE-4296-91ED-C67661BC1067}.Release|Any CPU.Build.0 = Release|Any CPU
	EndGlobalSection
	GlobalSection(SolutionProperties) = preSolution
		HideSolutionNode = FALSE
	EndGlobalSection
	GlobalSection(ExtensibilityGlobals) = postSolution
		SolutionGuid = {75AA01C2-9709-4A40-B283-EBBBB480BF28}
	EndGlobalSection
EndGlobal
